
Microsoft Visual Studio Solution File, Format Version 12.00
# Visual Studio Version 17
VisualStudioVersion = 17.5.002.0
MinimumVisualStudioVersion = 10.0.40219.1
Project("{9A19103F-16F7-4668-BE54-9A1E7A4F7556}") = "DesafioFundamentos", "DesafioFundamentos\DesafioFundamentos.csproj", "{1FC46A2F-E823-4800-8478-29AA0F432967}"
EndProject
Global
	GlobalSection(SolutionConfigurationPlatforms) = preSolution
		Debug|Any CPU = Debug|Any CPU
		Release|Any CPU = Release|Any CPU
	EndGlobalSection
	GlobalSection(ProjectConfigurationPlatforms) = postSolution
		{1FC46A2F-E823-4800-8478-29AA0F432967}.Debug|Any CPU.ActiveCfg = Debug|Any CPU
		{1FC46A2F-E823-4800-8478-29AA0F432967}.Debug|Any CPU.Build.0 = Debug|Any CPU
		{1FC46A2F-E823-4800-8478-29AA0F432967}.Release|Any CPU.ActiveCfg = Release|Any CPU
		{1FC46A2F-E823-4800-8478-29AA0F432967}.Release|Any CPU.Build.0 = Release|Any CPU
	EndGlobalSection
	GlobalSection(SolutionProperties) = preSolution
		HideSolutionNode = FALSE
	EndGlobalSection
	GlobalSection(ExtensibilityGlobals) = postSolution
		SolutionGuid = {AE18A3BA-C8FC-4B18-8AF1-105E17765E34}
	EndGlobalSection
EndGlobal
